
Microsoft Visual Studio Solution File, Format Version 12.00
# Visual Studio Version 16
VisualStudioVersion = 16.0.31424.327
MinimumVisualStudioVersion = 10.0.40219.1
Project("{FAE04EC0-301F-11D3-BF4B-00C04F79EFBC}") = "CodeWars", "CodeWars\CodeWars.csproj", "{6DB9F621-EE0E-40CB-809B-83BBBB59C38E}"
EndProject
Project("{FAE04EC0-301F-11D3-BF4B-00C04F79EFBC}") = "SanityChecks", "SanityChecks\SanityChecks.csproj", "{824DF142-8416-46B3-8FA8-6AA2941D07B5}"
EndProject
Global
	GlobalSection(SolutionConfigurationPlatforms) = preSolution
		Debug|Any CPU = Debug|Any CPU
		Release|Any CPU = Release|Any CPU
	EndGlobalSection
	GlobalSection(ProjectConfigurationPlatforms) = postSolution
		{6DB9F621-EE0E-40CB-809B-83BBBB59C38E}.Debug|Any CPU.ActiveCfg = Debug|Any CPU
		{6DB9F621-EE0E-40CB-809B-83BBBB59C38E}.Debug|Any CPU.Build.0 = Debug|Any CPU
		{6DB9F621-EE0E-40CB-809B-83BBBB59C38E}.Release|Any CPU.ActiveCfg = Release|Any CPU
		{6DB9F621-EE0E-40CB-809B-83BBBB59C38E}.Release|Any CPU.Build.0 = Release|Any CPU
		{824DF142-8416-46B3-8FA8-6AA2941D07B5}.Debug|Any CPU.ActiveCfg = Debug|Any CPU
		{824DF142-8416-46B3-8FA8-6AA2941D07B5}.Debug|Any CPU.Build.0 = Debug|Any CPU
		{824DF142-8416-46B3-8FA8-6AA2941D07B5}.Release|Any CPU.ActiveCfg = Release|Any CPU
		{824DF142-8416-46B3-8FA8-6AA2941D07B5}.Release|Any CPU.Build.0 = Release|Any CPU
	EndGlobalSection
	GlobalSection(SolutionProperties) = preSolution
		HideSolutionNode = FALSE
	EndGlobalSection
	GlobalSection(ExtensibilityGlobals) = postSolution
		SolutionGuid = {542C7C0B-1573-4E86-98D5-2F5F20E21DB6}
	EndGlobalSection
EndGlobal
